// !$*UTF8*$!
{
	archiveVersion = 1;
	classes = {
	};
	objectVersion = 77;
	objects = {

/* Begin PBXBuildFile section */
		636F3CB82DA01C4600D775E5 /* SplashScreenView.swift in Sources */ = {isa = PBXBuildFile; fileRef = 636F3CB72DA01C4100D775E5 /* SplashScreenView.swift */; };
		636F3CBB2DA01C9E00D775E5 /* Labels.swift in Sources */ = {isa = PBXBuildFile; fileRef = 636F3CBA2DA01C9D00D775E5 /* Labels.swift */; };
		636F3CBD2DA01CD100D775E5 /* ColorExtension.swift in Sources */ = {isa = PBXBuildFile; fileRef = 636F3CBC2DA01CCF00D775E5 /* ColorExtension.swift */; };
		636F3CBF2DA01D4500D775E5 /* ImageExtension.swift in Sources */ = {isa = PBXBuildFile; fileRef = 636F3CBE2DA01D4200D775E5 /* ImageExtension.swift */; };
		63AC12902DA7DD5F000C7B89 /* ZoomTransitionModifier.swift in Sources */ = {isa = PBXBuildFile; fileRef = 63AC128F2DA7DD56000C7B89 /* ZoomTransitionModifier.swift */; };
		63B33CE02DA6A2F7006564B6 /* OnboardingView.swift in Sources */ = {isa = PBXBuildFile; fileRef = 63B33CDF2DA6A2F3006564B6 /* OnboardingView.swift */; };
		63B33CE22DA6A449006564B6 /* ViewExtension.swift in Sources */ = {isa = PBXBuildFile; fileRef = 63B33CE12DA6A446006564B6 /* ViewExtension.swift */; };
		63B33CE42DA6A633006564B6 /* FontExtension.swift in Sources */ = {isa = PBXBuildFile; fileRef = 63B33CE32DA6A630006564B6 /* FontExtension.swift */; };
		63B33CE92DA6AF1E006564B6 /* SlideToConfirmView.swift in Sources */ = {isa = PBXBuildFile; fileRef = 63B33CE82DA6AF1E006564B6 /* SlideToConfirmView.swift */; };
		63D723BA2DA40E1E008FF419 /* DetectionResultModel.swift in Sources */ = {isa = PBXBuildFile; fileRef = 63D723B92DA40E1E008FF419 /* DetectionResultModel.swift */; };
		63D723BD2DA40E48008FF419 /* CameraView.swift in Sources */ = {isa = PBXBuildFile; fileRef = 63D723BC2DA40E45008FF419 /* CameraView.swift */; };
		63D723BF2DA40E54008FF419 /* DetectionOverlayView.swift in Sources */ = {isa = PBXBuildFile; fileRef = 63D723BE2DA40E4D008FF419 /* DetectionOverlayView.swift */; };
		63D723C22DA40E7D008FF419 /* CameraViewController.swift in Sources */ = {isa = PBXBuildFile; fileRef = 63D723C12DA40E79008FF419 /* CameraViewController.swift */; };
		63D723C62DA40F63008FF419 /* YOLOv3.mlmodel in Sources */ = {isa = PBXBuildFile; fileRef = 63D723C52DA40F63008FF419 /* YOLOv3.mlmodel */; };
		63E566B12DA014230049951D /* Assets.xcassets in Resources */ = {isa = PBXBuildFile; fileRef = 63E566AE2DA014230049951D /* Assets.xcassets */; };
		63E566B22DA014230049951D /* AICameraRecognitionApp.swift in Sources */ = {isa = PBXBuildFile; fileRef = 63E566AD2DA014230049951D /* AICameraRecognitionApp.swift */; };
		63E566B32DA014230049951D /* ContentView.swift in Sources */ = {isa = PBXBuildFile; fileRef = 63E566AF2DA014230049951D /* ContentView.swift */; };
/* End PBXBuildFile section */

/* Begin PBXFileReference section */
		636F3CB72DA01C4100D775E5 /* SplashScreenView.swift */ = {isa = PBXFileReference; lastKnownFileType = sourcecode.swift; path = SplashScreenView.swift; sourceTree = "<group>"; };
		636F3CBA2DA01C9D00D775E5 /* Labels.swift */ = {isa = PBXFileReference; lastKnownFileType = sourcecode.swift; path = Labels.swift; sourceTree = "<group>"; };
		636F3CBC2DA01CCF00D775E5 /* ColorExtension.swift */ = {isa = PBXFileReference; lastKnownFileType = sourcecode.swift; path = ColorExtension.swift; sourceTree = "<group>"; };
		636F3CBE2DA01D4200D775E5 /* ImageExtension.swift */ = {isa = PBXFileReference; lastKnownFileType = sourcecode.swift; path = ImageExtension.swift; sourceTree = "<group>"; };
		63AC128F2DA7DD56000C7B89 /* ZoomTransitionModifier.swift */ = {isa = PBXFileReference; lastKnownFileType = sourcecode.swift; path = ZoomTransitionModifier.swift; sourceTree = "<group>"; };
		63B33CDF2DA6A2F3006564B6 /* OnboardingView.swift */ = {isa = PBXFileReference; lastKnownFileType = sourcecode.swift; path = OnboardingView.swift; sourceTree = "<group>"; };
		63B33CE12DA6A446006564B6 /* ViewExtension.swift */ = {isa = PBXFileReference; lastKnownFileType = sourcecode.swift; path = ViewExtension.swift; sourceTree = "<group>"; };
		63B33CE32DA6A630006564B6 /* FontExtension.swift */ = {isa = PBXFileReference; lastKnownFileType = sourcecode.swift; path = FontExtension.swift; sourceTree = "<group>"; };
		63B33CE82DA6AF1E006564B6 /* SlideToConfirmView.swift */ = {isa = PBXFileReference; lastKnownFileType = sourcecode.swift; path = SlideToConfirmView.swift; sourceTree = "<group>"; };
		63D723B92DA40E1E008FF419 /* DetectionResultModel.swift */ = {isa = PBXFileReference; lastKnownFileType = sourcecode.swift; path = DetectionResultModel.swift; sourceTree = "<group>"; };
		63D723BC2DA40E45008FF419 /* CameraView.swift */ = {isa = PBXFileReference; lastKnownFileType = sourcecode.swift; path = CameraView.swift; sourceTree = "<group>"; };
		63D723BE2DA40E4D008FF419 /* DetectionOverlayView.swift */ = {isa = PBXFileReference; lastKnownFileType = sourcecode.swift; path = DetectionOverlayView.swift; sourceTree = "<group>"; };
		63D723C12DA40E79008FF419 /* CameraViewController.swift */ = {isa = PBXFileReference; lastKnownFileType = sourcecode.swift; path = CameraViewController.swift; sourceTree = "<group>"; };
		63D723C32DA40E8F008FF419 /* Info.plist */ = {isa = PBXFileReference; lastKnownFileType = text.plist.xml; path = Info.plist; sourceTree = "<group>"; };
		63D723C52DA40F63008FF419 /* YOLOv3.mlmodel */ = {isa = PBXFileReference; lastKnownFileType = file.mlmodel; path = YOLOv3.mlmodel; sourceTree = "<group>"; };
		63E5669F2DA012E50049951D /* AICameraRecognition.app */ = {isa = PBXFileReference; explicitFileType = wrapper.application; includeInIndex = 0; path = AICameraRecognition.app; sourceTree = BUILT_PRODUCTS_DIR; };
		63E566AD2DA014230049951D /* AICameraRecognitionApp.swift */ = {isa = PBXFileReference; lastKnownFileType = sourcecode.swift; path = AICameraRecognitionApp.swift; sourceTree = "<group>"; };
		63E566AE2DA014230049951D /* Assets.xcassets */ = {isa = PBXFileReference; lastKnownFileType = folder.assetcatalog; path = Assets.xcassets; sourceTree = "<group>"; };
		63E566AF2DA014230049951D /* ContentView.swift */ = {isa = PBXFileReference; lastKnownFileType = sourcecode.swift; path = ContentView.swift; sourceTree = "<group>"; };
/* End PBXFileReference section */

/* Begin PBXFrameworksBuildPhase section */
		63E5669C2DA012E50049951D /* Frameworks */ = {
			isa = PBXFrameworksBuildPhase;
			buildActionMask = 2147483647;
			files = (
			);
			runOnlyForDeploymentPostprocessing = 0;
		};
/* End PBXFrameworksBuildPhase section */

/* Begin PBXGroup section */
		636F3CB12DA0155700D775E5 /* CameraModule */ = {
			isa = PBXGroup;
			children = (
				63D723B82DA40E16008FF419 /* Model */,
				636F3CB42DA0159A00D775E5 /* View */,
				63D723C02DA40E68008FF419 /* Controller */,
			);
			path = CameraModule;
			sourceTree = "<group>";
		};
		636F3CB22DA0157E00D775E5 /* SupportFiles */ = {
			isa = PBXGroup;
			children = (
				63E566AE2DA014230049951D /* Assets.xcassets */,
			);
			path = SupportFiles;
			sourceTree = "<group>";
		};
		636F3CB32DA0158B00D775E5 /* Application */ = {
			isa = PBXGroup;
			children = (
				63E566AD2DA014230049951D /* AICameraRecognitionApp.swift */,
			);
			path = Application;
			sourceTree = "<group>";
		};
		636F3CB42DA0159A00D775E5 /* View */ = {
			isa = PBXGroup;
			children = (
				63E566AF2DA014230049951D /* ContentView.swift */,
				63D723BB2DA40E34008FF419 /* Subviews */,
			);
			path = View;
			sourceTree = "<group>";
		};
		636F3CB52DA01BC900D775E5 /* SplashScreen */ = {
			isa = PBXGroup;
			children = (
				636F3CB72DA01C4100D775E5 /* SplashScreenView.swift */,
			);
			path = SplashScreen;
			sourceTree = "<group>";
		};
		636F3CB62DA01BD400D775E5 /* Modules */ = {
			isa = PBXGroup;
			children = (
				636F3CB52DA01BC900D775E5 /* SplashScreen */,
				63B33CDD2DA6A2DE006564B6 /* OnboardingModule */,
				636F3CB12DA0155700D775E5 /* CameraModule */,
			);
			path = Modules;
			sourceTree = "<group>";
		};
		636F3CB92DA01C8C00D775E5 /* Extensions */ = {
			isa = PBXGroup;
			children = (
				636F3CBE2DA01D4200D775E5 /* ImageExtension.swift */,
				636F3CBC2DA01CCF00D775E5 /* ColorExtension.swift */,
				63B33CE32DA6A630006564B6 /* FontExtension.swift */,
				636F3CBA2DA01C9D00D775E5 /* Labels.swift */,
				63B33CE12DA6A446006564B6 /* ViewExtension.swift */,
			);
			path = Extensions;
			sourceTree = "<group>";
		};
		63AC12912DA7DD65000C7B89 /* Views */ = {
			isa = PBXGroup;
			children = (
				63B33CE82DA6AF1E006564B6 /* SlideToConfirmView.swift */,
			);
			path = Views;
			sourceTree = "<group>";
		};
		63AC12922DA7DD69000C7B89 /* Modifiers */ = {
			isa = PBXGroup;
			children = (
				63AC128F2DA7DD56000C7B89 /* ZoomTransitionModifier.swift */,
			);
			path = Modifiers;
			sourceTree = "<group>";
		};
		63B33CDD2DA6A2DE006564B6 /* OnboardingModule */ = {
			isa = PBXGroup;
			children = (
				63B33CDE2DA6A2EE006564B6 /* View */,
			);
			path = OnboardingModule;
			sourceTree = "<group>";
		};
		63B33CDE2DA6A2EE006564B6 /* View */ = {
			isa = PBXGroup;
			children = (
				63B33CDF2DA6A2F3006564B6 /* OnboardingView.swift */,
			);
			path = View;
			sourceTree = "<group>";
		};
		63B33CE52DA6AECB006564B6 /* Helpers */ = {
			isa = PBXGroup;
			children = (
				63AC12912DA7DD65000C7B89 /* Views */,
				63AC12922DA7DD69000C7B89 /* Modifiers */,
			);
			path = Helpers;
			sourceTree = "<group>";
		};
		63D723B82DA40E16008FF419 /* Model */ = {
			isa = PBXGroup;
			children = (
				63D723B92DA40E1E008FF419 /* DetectionResultModel.swift */,
			);
			path = Model;
			sourceTree = "<group>";
		};
		63D723BB2DA40E34008FF419 /* Subviews */ = {
			isa = PBXGroup;
			children = (
				63D723BC2DA40E45008FF419 /* CameraView.swift */,
				63D723BE2DA40E4D008FF419 /* DetectionOverlayView.swift */,
			);
			path = Subviews;
			sourceTree = "<group>";
		};
		63D723C02DA40E68008FF419 /* Controller */ = {
			isa = PBXGroup;
			children = (
				63D723C12DA40E79008FF419 /* CameraViewController.swift */,
			);
			path = Controller;
			sourceTree = "<group>";
		};
		63D723C42DA40F57008FF419 /* CoreML */ = {
			isa = PBXGroup;
			children = (
				63D723C52DA40F63008FF419 /* YOLOv3.mlmodel */,
			);
			path = CoreML;
			sourceTree = "<group>";
		};
		63E566962DA012E50049951D = {
			isa = PBXGroup;
			children = (
				63E566B02DA014230049951D /* AICameraRecognition */,
				63E566A02DA012E50049951D /* Products */,
			);
			sourceTree = "<group>";
		};
		63E566A02DA012E50049951D /* Products */ = {
			isa = PBXGroup;
			children = (
				63E5669F2DA012E50049951D /* AICameraRecognition.app */,
			);
			name = Products;
			sourceTree = "<group>";
		};
		63E566B02DA014230049951D /* AICameraRecognition */ = {
			isa = PBXGroup;
			children = (
				636F3CB32DA0158B00D775E5 /* Application */,
				63D723C42DA40F57008FF419 /* CoreML */,
				636F3CB62DA01BD400D775E5 /* Modules */,
				63B33CE52DA6AECB006564B6 /* Helpers */,
				636F3CB92DA01C8C00D775E5 /* Extensions */,
				636F3CB22DA0157E00D775E5 /* SupportFiles */,
				63D723C32DA40E8F008FF419 /* Info.plist */,
			);
			path = AICameraRecognition;
			sourceTree = "<group>";
		};
/* End PBXGroup section */

/* Begin PBXNativeTarget section */
		63E5669E2DA012E50049951D /* AICameraRecognition */ = {
			isa = PBXNativeTarget;
			buildConfigurationList = 63E566AA2DA012E60049951D /* Build configuration list for PBXNativeTarget "AICameraRecognition" */;
			buildPhases = (
				63E5669B2DA012E50049951D /* Sources */,
				63E5669C2DA012E50049951D /* Frameworks */,
				63E5669D2DA012E50049951D /* Resources */,
			);
			buildRules = (
			);
			dependencies = (
			);
			name = AICameraRecognition;
			packageProductDependencies = (
			);
			productName = AICameraRecognition;
			productReference = 63E5669F2DA012E50049951D /* AICameraRecognition.app */;
			productType = "com.apple.product-type.application";
		};
/* End PBXNativeTarget section */

/* Begin PBXProject section */
		63E566972DA012E50049951D /* Project object */ = {
			isa = PBXProject;
			attributes = {
				BuildIndependentTargetsInParallel = 1;
				LastSwiftUpdateCheck = 1630;
				LastUpgradeCheck = 1630;
				TargetAttributes = {
					63E5669E2DA012E50049951D = {
						CreatedOnToolsVersion = 16.3;
					};
				};
			};
			buildConfigurationList = 63E5669A2DA012E50049951D /* Build configuration list for PBXProject "AICameraRecognition" */;
			developmentRegion = en;
			hasScannedForEncodings = 0;
			knownRegions = (
				en,
				Base,
			);
			mainGroup = 63E566962DA012E50049951D;
			minimizedProjectReferenceProxies = 1;
			preferredProjectObjectVersion = 77;
			productRefGroup = 63E566A02DA012E50049951D /* Products */;
			projectDirPath = "";
			projectRoot = "";
			targets = (
				63E5669E2DA012E50049951D /* AICameraRecognition */,
			);
		};
/* End PBXProject section */

/* Begin PBXResourcesBuildPhase section */
		63E5669D2DA012E50049951D /* Resources */ = {
			isa = PBXResourcesBuildPhase;
			buildActionMask = 2147483647;
			files = (
				63E566B12DA014230049951D /* Assets.xcassets in Resources */,
			);
			runOnlyForDeploymentPostprocessing = 0;
		};
/* End PBXResourcesBuildPhase section */

/* Begin PBXSourcesBuildPhase section */
		63E5669B2DA012E50049951D /* Sources */ = {
			isa = PBXSourcesBuildPhase;
			buildActionMask = 2147483647;
			files = (
				63E566B22DA014230049951D /* AICameraRecognitionApp.swift in Sources */,
				63D723C22DA40E7D008FF419 /* CameraViewController.swift in Sources */,
				63B33CE42DA6A633006564B6 /* FontExtension.swift in Sources */,
				63D723BA2DA40E1E008FF419 /* DetectionResultModel.swift in Sources */,
				636F3CBF2DA01D4500D775E5 /* ImageExtension.swift in Sources */,
				636F3CBD2DA01CD100D775E5 /* ColorExtension.swift in Sources */,
				63AC12902DA7DD5F000C7B89 /* ZoomTransitionModifier.swift in Sources */,
				63B33CE92DA6AF1E006564B6 /* SlideToConfirmView.swift in Sources */,
				63D723C62DA40F63008FF419 /* YOLOv3.mlmodel in Sources */,
				63E566B32DA014230049951D /* ContentView.swift in Sources */,
				636F3CBB2DA01C9E00D775E5 /* Labels.swift in Sources */,
				636F3CB82DA01C4600D775E5 /* SplashScreenView.swift in Sources */,
				63B33CE02DA6A2F7006564B6 /* OnboardingView.swift in Sources */,
				63D723BF2DA40E54008FF419 /* DetectionOverlayView.swift in Sources */,
				63D723BD2DA40E48008FF419 /* CameraView.swift in Sources */,
				63B33CE22DA6A449006564B6 /* ViewExtension.swift in Sources */,
			);
			runOnlyForDeploymentPostprocessing = 0;
		};
/* End PBXSourcesBuildPhase section */

/* Begin XCBuildConfiguration section */
		63E566A82DA012E60049951D /* Debug */ = {
			isa = XCBuildConfiguration;
			buildSettings = {
				ALWAYS_SEARCH_USER_PATHS = NO;
				ASSETCATALOG_COMPILER_GENERATE_SWIFT_ASSET_SYMBOL_EXTENSIONS = YES;
				CLANG_ANALYZER_NONNULL = YES;
				CLANG_ANALYZER_NUMBER_OBJECT_CONVERSION = YES_AGGRESSIVE;
				CLANG_CXX_LANGUAGE_STANDARD = "gnu++20";
				CLANG_ENABLE_MODULES = YES;
				CLANG_ENABLE_OBJC_ARC = YES;
				CLANG_ENABLE_OBJC_WEAK = YES;
				CLANG_WARN_BLOCK_CAPTURE_AUTORELEASING = YES;
				CLANG_WARN_BOOL_CONVERSION = YES;
				CLANG_WARN_COMMA = YES;
				CLANG_WARN_CONSTANT_CONVERSION = YES;
				CLANG_WARN_DEPRECATED_OBJC_IMPLEMENTATIONS = YES;
				CLANG_WARN_DIRECT_OBJC_ISA_USAGE = YES_ERROR;
				CLANG_WARN_DOCUMENTATION_COMMENTS = YES;
				CLANG_WARN_EMPTY_BODY = YES;
				CLANG_WARN_ENUM_CONVERSION = YES;
				CLANG_WARN_INFINITE_RECURSION = YES;
				CLANG_WARN_INT_CONVERSION = YES;
				CLANG_WARN_NON_LITERAL_NULL_CONVERSION = YES;
				CLANG_WARN_OBJC_IMPLICIT_RETAIN_SELF = YES;
				CLANG_WARN_OBJC_LITERAL_CONVERSION = YES;
				CLANG_WARN_OBJC_ROOT_CLASS = YES_ERROR;
				CLANG_WARN_QUOTED_INCLUDE_IN_FRAMEWORK_HEADER = YES;
				CLANG_WARN_RANGE_LOOP_ANALYSIS = YES;
				CLANG_WARN_STRICT_PROTOTYPES = YES;
				CLANG_WARN_SUSPICIOUS_MOVE = YES;
				CLANG_WARN_UNGUARDED_AVAILABILITY = YES_AGGRESSIVE;
				CLANG_WARN_UNREACHABLE_CODE = YES;
				CLANG_WARN__DUPLICATE_METHOD_MATCH = YES;
				COPY_PHASE_STRIP = NO;
				DEBUG_INFORMATION_FORMAT = dwarf;
				DEVELOPMENT_TEAM = NAJAJ652LV;
				ENABLE_STRICT_OBJC_MSGSEND = YES;
				ENABLE_TESTABILITY = YES;
				ENABLE_USER_SCRIPT_SANDBOXING = YES;
				GCC_C_LANGUAGE_STANDARD = gnu17;
				GCC_DYNAMIC_NO_PIC = NO;
				GCC_NO_COMMON_BLOCKS = YES;
				GCC_OPTIMIZATION_LEVEL = 0;
				GCC_PREPROCESSOR_DEFINITIONS = (
					"DEBUG=1",
					"$(inherited)",
				);
				GCC_WARN_64_TO_32_BIT_CONVERSION = YES;
				GCC_WARN_ABOUT_RETURN_TYPE = YES_ERROR;
				GCC_WARN_UNDECLARED_SELECTOR = YES;
				GCC_WARN_UNINITIALIZED_AUTOS = YES_AGGRESSIVE;
				GCC_WARN_UNUSED_FUNCTION = YES;
				GCC_WARN_UNUSED_VARIABLE = YES;
				IPHONEOS_DEPLOYMENT_TARGET = 18.4;
				LOCALIZATION_PREFERS_STRING_CATALOGS = YES;
				MTL_ENABLE_DEBUG_INFO = INCLUDE_SOURCE;
				MTL_FAST_MATH = YES;
				ONLY_ACTIVE_ARCH = YES;
				SDKROOT = iphoneos;
				SWIFT_ACTIVE_COMPILATION_CONDITIONS = "DEBUG $(inherited)";
				SWIFT_OPTIMIZATION_LEVEL = "-Onone";
			};
			name = Debug;
		};
		63E566A92DA012E60049951D /* Release */ = {
			isa = XCBuildConfiguration;
			buildSettings = {
				ALWAYS_SEARCH_USER_PATHS = NO;
				ASSETCATALOG_COMPILER_GENERATE_SWIFT_ASSET_SYMBOL_EXTENSIONS = YES;
				CLANG_ANALYZER_NONNULL = YES;
				CLANG_ANALYZER_NUMBER_OBJECT_CONVERSION = YES_AGGRESSIVE;
				CLANG_CXX_LANGUAGE_STANDARD = "gnu++20";
				CLANG_ENABLE_MODULES = YES;
				CLANG_ENABLE_OBJC_ARC = YES;
				CLANG_ENABLE_OBJC_WEAK = YES;
				CLANG_WARN_BLOCK_CAPTURE_AUTORELEASING = YES;
				CLANG_WARN_BOOL_CONVERSION = YES;
				CLANG_WARN_COMMA = YES;
				CLANG_WARN_CONSTANT_CONVERSION = YES;
				CLANG_WARN_DEPRECATED_OBJC_IMPLEMENTATIONS = YES;
				CLANG_WARN_DIRECT_OBJC_ISA_USAGE = YES_ERROR;
				CLANG_WARN_DOCUMENTATION_COMMENTS = YES;
				CLANG_WARN_EMPTY_BODY = YES;
				CLANG_WARN_ENUM_CONVERSION = YES;
				CLANG_WARN_INFINITE_RECURSION = YES;
				CLANG_WARN_INT_CONVERSION = YES;
				CLANG_WARN_NON_LITERAL_NULL_CONVERSION = YES;
				CLANG_WARN_OBJC_IMPLICIT_RETAIN_SELF = YES;
				CLANG_WARN_OBJC_LITERAL_CONVERSION = YES;
				CLANG_WARN_OBJC_ROOT_CLASS = YES_ERROR;
				CLANG_WARN_QUOTED_INCLUDE_IN_FRAMEWORK_HEADER = YES;
				CLANG_WARN_RANGE_LOOP_ANALYSIS = YES;
				CLANG_WARN_STRICT_PROTOTYPES = YES;
				CLANG_WARN_SUSPICIOUS_MOVE = YES;
				CLANG_WARN_UNGUARDED_AVAILABILITY = YES_AGGRESSIVE;
				CLANG_WARN_UNREACHABLE_CODE = YES;
				CLANG_WARN__DUPLICATE_METHOD_MATCH = YES;
				COPY_PHASE_STRIP = NO;
				DEBUG_INFORMATION_FORMAT = "dwarf-with-dsym";
				DEVELOPMENT_TEAM = NAJAJ652LV;
				ENABLE_NS_ASSERTIONS = NO;
				ENABLE_STRICT_OBJC_MSGSEND = YES;
				ENABLE_USER_SCRIPT_SANDBOXING = YES;
				GCC_C_LANGUAGE_STANDARD = gnu17;
				GCC_NO_COMMON_BLOCKS = YES;
				GCC_WARN_64_TO_32_BIT_CONVERSION = YES;
				GCC_WARN_ABOUT_RETURN_TYPE = YES_ERROR;
				GCC_WARN_UNDECLARED_SELECTOR = YES;
				GCC_WARN_UNINITIALIZED_AUTOS = YES_AGGRESSIVE;
				GCC_WARN_UNUSED_FUNCTION = YES;
				GCC_WARN_UNUSED_VARIABLE = YES;
				IPHONEOS_DEPLOYMENT_TARGET = 18.4;
				LOCALIZATION_PREFERS_STRING_CATALOGS = YES;
				MTL_ENABLE_DEBUG_INFO = NO;
				MTL_FAST_MATH = YES;
				SDKROOT = iphoneos;
				SWIFT_COMPILATION_MODE = wholemodule;
				VALIDATE_PRODUCT = YES;
			};
			name = Release;
		};
		63E566AB2DA012E60049951D /* Debug */ = {
			isa = XCBuildConfiguration;
			buildSettings = {
				ASSETCATALOG_COMPILER_APPICON_NAME = AppIcon;
				ASSETCATALOG_COMPILER_GLOBAL_ACCENT_COLOR_NAME = AccentColor;
				CODE_SIGN_STYLE = Automatic;
				CURRENT_PROJECT_VERSION = 1;
				DEVELOPMENT_TEAM = NAJAJ652LV;
				ENABLE_PREVIEWS = YES;
				GENERATE_INFOPLIST_FILE = YES;
				INFOPLIST_FILE = AICameraRecognition/Info.plist;
				INFOPLIST_KEY_CFBundleDisplayName = Reconix;
				INFOPLIST_KEY_LSApplicationCategoryType = "public.app-category.utilities";
				INFOPLIST_KEY_NSCameraUsageDescription = "Allow camera usage to detect objects.";
				INFOPLIST_KEY_UIApplicationSceneManifest_Generation = YES;
				INFOPLIST_KEY_UIApplicationSupportsIndirectInputEvents = YES;
				INFOPLIST_KEY_UILaunchScreen_Generation = YES;
				INFOPLIST_KEY_UISupportedInterfaceOrientations = UIInterfaceOrientationPortrait;
				IPHONEOS_DEPLOYMENT_TARGET = 17.0;
				LD_RUNPATH_SEARCH_PATHS = (
					"$(inherited)",
					"@executable_path/Frameworks",
				);
				MARKETING_VERSION = 0.2;
				PRODUCT_BUNDLE_IDENTIFIER = com.avoqode.AICameraRecognition;
				PRODUCT_NAME = "$(TARGET_NAME)";
				SUPPORTED_PLATFORMS = "iphoneos iphonesimulator";
				SUPPORTS_MACCATALYST = NO;
				SUPPORTS_MAC_DESIGNED_FOR_IPHONE_IPAD = NO;
				SUPPORTS_XR_DESIGNED_FOR_IPHONE_IPAD = NO;
				SWIFT_EMIT_LOC_STRINGS = YES;
				SWIFT_VERSION = 5.0;
				TARGETED_DEVICE_FAMILY = 1;
			};
			name = Debug;
		};
		63E566AC2DA012E60049951D /* Release */ = {
			isa = XCBuildConfiguration;
			buildSettings = {
				ASSETCATALOG_COMPILER_APPICON_NAME = AppIcon;
				ASSETCATALOG_COMPILER_GLOBAL_ACCENT_COLOR_NAME = AccentColor;
				CODE_SIGN_STYLE = Automatic;
				CURRENT_PROJECT_VERSION = 1;
				DEVELOPMENT_TEAM = NAJAJ652LV;
				ENABLE_PREVIEWS = YES;
				GENERATE_INFOPLIST_FILE = YES;
				INFOPLIST_FILE = AICameraRecognition/Info.plist;
				INFOPLIST_KEY_CFBundleDisplayName = Reconix;
				INFOPLIST_KEY_LSApplicationCategoryType = "public.app-category.utilities";
				INFOPLIST_KEY_NSCameraUsageDescription = "Allow camera usage to detect objects.";
				INFOPLIST_KEY_UIApplicationSceneManifest_Generation = YES;
				INFOPLIST_KEY_UIApplicationSupportsIndirectInputEvents = YES;
				INFOPLIST_KEY_UILaunchScreen_Generation = YES;
				INFOPLIST_KEY_UISupportedInterfaceOrientations = UIInterfaceOrientationPortrait;
				IPHONEOS_DEPLOYMENT_TARGET = 17.0;
				LD_RUNPATH_SEARCH_PATHS = (
					"$(inherited)",
					"@executable_path/Frameworks",
				);
				MARKETING_VERSION = 0.2;
				PRODUCT_BUNDLE_IDENTIFIER = com.avoqode.AICameraRecognition;
				PRODUCT_NAME = "$(TARGET_NAME)";
				SUPPORTED_PLATFORMS = "iphoneos iphonesimulator";
				SUPPORTS_MACCATALYST = NO;
				SUPPORTS_MAC_DESIGNED_FOR_IPHONE_IPAD = NO;
				SUPPORTS_XR_DESIGNED_FOR_IPHONE_IPAD = NO;
				SWIFT_EMIT_LOC_STRINGS = YES;
				SWIFT_VERSION = 5.0;
				TARGETED_DEVICE_FAMILY = 1;
			};
			name = Release;
		};
/* End XCBuildConfiguration section */

/* Begin XCConfigurationList section */
		63E5669A2DA012E50049951D /* Build configuration list for PBXProject "AICameraRecognition" */ = {
			isa = XCConfigurationList;
			buildConfigurations = (
				63E566A82DA012E60049951D /* Debug */,
				63E566A92DA012E60049951D /* Release */,
			);
			defaultConfigurationIsVisible = 0;
			defaultConfigurationName = Release;
		};
		63E566AA2DA012E60049951D /* Build configuration list for PBXNativeTarget "AICameraRecognition" */ = {
			isa = XCConfigurationList;
			buildConfigurations = (
				63E566AB2DA012E60049951D /* Debug */,
				63E566AC2DA012E60049951D /* Release */,
			);
			defaultConfigurationIsVisible = 0;
			defaultConfigurationName = Release;
		};
/* End XCConfigurationList section */
	};
	rootObject = 63E566972DA012E50049951D /* Project object */;
}
